{
  "name": "transrate-emoji",
  "version": "1.0.0",
  "lockfileVersion": 1,
  "requires": true,
  "dependencies": {
    "emoji-datasource": {
      "version": "5.0.1",
      "resolved": "https://registry.npmjs.org/emoji-datasource/-/emoji-datasource-5.0.1.tgz",
      "integrity": "sha512-RXokuCv4o8RFLiigN1skAdZwJuJWqtBvcK3GVKpvAL/7BeH95enmKsli7cG8YZ85RTjyEe3+GAdpJJOV43KLKQ=="
    }
  }
}
